
Microsoft Visual Studio Solution File, Format Version 12.00
# Visual Studio Version 17
VisualStudioVersion = 17.12.35527.113
MinimumVisualStudioVersion = 10.0.40219.1
Project("{FAE04EC0-301F-11D3-BF4B-00C04F79EFBC}") = "AuthService.API", "AuthService\AuthService.API\AuthService.API.csproj", "{BDFBD452-55C2-4F71-B94C-3748BD3E8F0B}"
EndProject
Project("{FAE04EC0-301F-11D3-BF4B-00C04F79EFBC}") = "AuthService.Infrastructure", "AuthService\AuthService.Infrastructure\AuthService.Infrastructure.csproj", "{50A6D890-80DC-43D6-8667-548F1C99C93A}"
EndProject
Project("{FAE04EC0-301F-11D3-BF4B-00C04F79EFBC}") = "AuthService.Core", "AuthService\AuthService.Core\AuthService.Core.csproj", "{52753638-3386-4F5A-9304-CF38F7CC05D5}"
EndProject
Project("{2150E333-8FDC-42A3-9474-1A3956D46DE8}") = "AuthService", "AuthService", "{02EA681E-C7D8-13C7-8484-4AC65E1B71E8}"
EndProject
Project("{2150E333-8FDC-42A3-9474-1A3956D46DE8}") = "PermissionService", "PermissionService", "{E040FA79-31F0-44DB-864C-75F211842491}"
EndProject
Project("{2150E333-8FDC-42A3-9474-1A3956D46DE8}") = "RoomService", "RoomService", "{92B64761-7890-40A1-8814-B996829DD696}"
EndProject
Project("{2150E333-8FDC-42A3-9474-1A3956D46DE8}") = "UserService", "UserService", "{048A40D3-33A0-4C5F-B787-458FC291A282}"
EndProject
Project("{FAE04EC0-301F-11D3-BF4B-00C04F79EFBC}") = "UserService.Infrastructure", "UserService\UserService.Infrastructure\UserService.Infrastructure.csproj", "{0BA6417C-FBFB-4105-859A-2EADC70B1B00}"
EndProject
Project("{FAE04EC0-301F-11D3-BF4B-00C04F79EFBC}") = "UserService.Core", "UserService\UserService.Core\UserService.Core.csproj", "{7FDC2D1B-8794-424B-B4E4-83C52892A6A8}"
EndProject
Project("{FAE04EC0-301F-11D3-BF4B-00C04F79EFBC}") = "UserService.Grpc", "UserService.Grpc\UserService.Grpc.csproj", "{102C3AE9-770A-491F-8D17-DC410890C6B5}"
EndProject
Global
	GlobalSection(SolutionConfigurationPlatforms) = preSolution
		Debug|Any CPU = Debug|Any CPU
		Release|Any CPU = Release|Any CPU
	EndGlobalSection
	GlobalSection(ProjectConfigurationPlatforms) = postSolution
		{BDFBD452-55C2-4F71-B94C-3748BD3E8F0B}.Debug|Any CPU.ActiveCfg = Debug|Any CPU
		{BDFBD452-55C2-4F71-B94C-3748BD3E8F0B}.Debug|Any CPU.Build.0 = Debug|Any CPU
		{BDFBD452-55C2-4F71-B94C-3748BD3E8F0B}.Release|Any CPU.ActiveCfg = Release|Any CPU
		{BDFBD452-55C2-4F71-B94C-3748BD3E8F0B}.Release|Any CPU.Build.0 = Release|Any CPU
		{50A6D890-80DC-43D6-8667-548F1C99C93A}.Debug|Any CPU.ActiveCfg = Debug|Any CPU
		{50A6D890-80DC-43D6-8667-548F1C99C93A}.Debug|Any CPU.Build.0 = Debug|Any CPU
		{50A6D890-80DC-43D6-8667-548F1C99C93A}.Release|Any CPU.ActiveCfg = Release|Any CPU
		{50A6D890-80DC-43D6-8667-548F1C99C93A}.Release|Any CPU.Build.0 = Release|Any CPU
		{52753638-3386-4F5A-9304-CF38F7CC05D5}.Debug|Any CPU.ActiveCfg = Debug|Any CPU
		{52753638-3386-4F5A-9304-CF38F7CC05D5}.Debug|Any CPU.Build.0 = Debug|Any CPU
		{52753638-3386-4F5A-9304-CF38F7CC05D5}.Release|Any CPU.ActiveCfg = Release|Any CPU
		{52753638-3386-4F5A-9304-CF38F7CC05D5}.Release|Any CPU.Build.0 = Release|Any CPU
		{0BA6417C-FBFB-4105-859A-2EADC70B1B00}.Debug|Any CPU.ActiveCfg = Debug|Any CPU
		{0BA6417C-FBFB-4105-859A-2EADC70B1B00}.Debug|Any CPU.Build.0 = Debug|Any CPU
		{0BA6417C-FBFB-4105-859A-2EADC70B1B00}.Release|Any CPU.ActiveCfg = Release|Any CPU
		{0BA6417C-FBFB-4105-859A-2EADC70B1B00}.Release|Any CPU.Build.0 = Release|Any CPU
		{7FDC2D1B-8794-424B-B4E4-83C52892A6A8}.Debug|Any CPU.ActiveCfg = Debug|Any CPU
		{7FDC2D1B-8794-424B-B4E4-83C52892A6A8}.Debug|Any CPU.Build.0 = Debug|Any CPU
		{7FDC2D1B-8794-424B-B4E4-83C52892A6A8}.Release|Any CPU.ActiveCfg = Release|Any CPU
		{7FDC2D1B-8794-424B-B4E4-83C52892A6A8}.Release|Any CPU.Build.0 = Release|Any CPU
		{102C3AE9-770A-491F-8D17-DC410890C6B5}.Debug|Any CPU.ActiveCfg = Debug|Any CPU
		{102C3AE9-770A-491F-8D17-DC410890C6B5}.Debug|Any CPU.Build.0 = Debug|Any CPU
		{102C3AE9-770A-491F-8D17-DC410890C6B5}.Release|Any CPU.ActiveCfg = Release|Any CPU
		{102C3AE9-770A-491F-8D17-DC410890C6B5}.Release|Any CPU.Build.0 = Release|Any CPU
	EndGlobalSection
	GlobalSection(SolutionProperties) = preSolution
		HideSolutionNode = FALSE
	EndGlobalSection
	GlobalSection(NestedProjects) = preSolution
		{BDFBD452-55C2-4F71-B94C-3748BD3E8F0B} = {02EA681E-C7D8-13C7-8484-4AC65E1B71E8}
		{50A6D890-80DC-43D6-8667-548F1C99C93A} = {02EA681E-C7D8-13C7-8484-4AC65E1B71E8}
		{52753638-3386-4F5A-9304-CF38F7CC05D5} = {02EA681E-C7D8-13C7-8484-4AC65E1B71E8}
		{0BA6417C-FBFB-4105-859A-2EADC70B1B00} = {048A40D3-33A0-4C5F-B787-458FC291A282}
		{7FDC2D1B-8794-424B-B4E4-83C52892A6A8} = {048A40D3-33A0-4C5F-B787-458FC291A282}
		{102C3AE9-770A-491F-8D17-DC410890C6B5} = {048A40D3-33A0-4C5F-B787-458FC291A282}
	EndGlobalSection
	GlobalSection(ExtensibilityGlobals) = postSolution
		SolutionGuid = {4758188D-6BAB-48CB-8A08-60E5103673DA}
	EndGlobalSection
EndGlobal
