
Microsoft Visual Studio Solution File, Format Version 12.00
# Visual Studio Version 18
VisualStudioVersion = 18.0.11010.61
MinimumVisualStudioVersion = 10.0.40219.1
Project("{FAE04EC0-301F-11D3-BF4B-00C04F79EFBC}") = "AuthService.API", "AuthService\AuthService.API\AuthService.API.csproj", "{BDFBD452-55C2-4F71-B94C-3748BD3E8F0B}"
EndProject
Project("{FAE04EC0-301F-11D3-BF4B-00C04F79EFBC}") = "AuthService.Infrastructure", "AuthService\AuthService.Infrastructure\AuthService.Infrastructure.csproj", "{50A6D890-80DC-43D6-8667-548F1C99C93A}"
EndProject
Project("{FAE04EC0-301F-11D3-BF4B-00C04F79EFBC}") = "AuthService.Core", "AuthService\AuthService.Core\AuthService.Core.csproj", "{52753638-3386-4F5A-9304-CF38F7CC05D5}"
EndProject
Project("{2150E333-8FDC-42A3-9474-1A3956D46DE8}") = "AuthService", "AuthService", "{02EA681E-C7D8-13C7-8484-4AC65E1B71E8}"
EndProject
Project("{2150E333-8FDC-42A3-9474-1A3956D46DE8}") = "PermissionService", "PermissionService", "{E040FA79-31F0-44DB-864C-75F211842491}"
EndProject
Project("{2150E333-8FDC-42A3-9474-1A3956D46DE8}") = "RoomService", "RoomService", "{92B64761-7890-40A1-8814-B996829DD696}"
EndProject
Project("{2150E333-8FDC-42A3-9474-1A3956D46DE8}") = "UserService", "UserService", "{048A40D3-33A0-4C5F-B787-458FC291A282}"
EndProject
Project("{FAE04EC0-301F-11D3-BF4B-00C04F79EFBC}") = "UserService.Infrastructure", "UserService\UserService.Infrastructure\UserService.Infrastructure.csproj", "{0BA6417C-FBFB-4105-859A-2EADC70B1B00}"
EndProject
Project("{FAE04EC0-301F-11D3-BF4B-00C04F79EFBC}") = "UserService.Core", "UserService\UserService.Core\UserService.Core.csproj", "{7FDC2D1B-8794-424B-B4E4-83C52892A6A8}"
EndProject
Project("{FAE04EC0-301F-11D3-BF4B-00C04F79EFBC}") = "UserService.Grpc", "UserService\UserService.Grpc\UserService.Grpc.csproj", "{102C3AE9-770A-491F-8D17-DC410890C6B5}"
EndProject
Project("{FAE04EC0-301F-11D3-BF4B-00C04F79EFBC}") = "Contracts", "Shared\Contracts\Contracts.csproj", "{859FD5C4-C96F-4EAC-A96B-64691C3F0AF4}"
EndProject
Project("{2150E333-8FDC-42A3-9474-1A3956D46DE8}") = "Shared", "Shared", "{40B3D5C8-35D0-470D-9B51-FF82A367B0B3}"
EndProject
Project("{FAE04EC0-301F-11D3-BF4B-00C04F79EFBC}") = "PermissionService.API", "PermissionService\PermissionService.API\PermissionService.API.csproj", "{C53328EF-95A3-401F-A06E-8A85B6D348D3}"
EndProject
Project("{FAE04EC0-301F-11D3-BF4B-00C04F79EFBC}") = "PermissionService.Core", "PermissionService\PermissionService.Core\PermissionService.Core.csproj", "{9DAAE0F8-8089-4AE2-AF98-EB8180867ED0}"
EndProject
Project("{FAE04EC0-301F-11D3-BF4B-00C04F79EFBC}") = "PermissionService.Infrastructure", "PermissionService\PermissionService.Infrastructure\PermissionService.Infrastructure.csproj", "{0B679EC0-2883-42BC-8E90-470F17995305}"
EndProject
Project("{FAE04EC0-301F-11D3-BF4B-00C04F79EFBC}") = "AuthService.Tests", "AuthService\AuthService.Tests\AuthService.Tests.csproj", "{970D9B00-9B6D-4D43-ADA0-6AC4CCCBC9FA}"
EndProject
Project("{FAE04EC0-301F-11D3-BF4B-00C04F79EFBC}") = "UserService.Tests", "UserService\UserService.Tests\UserService.Tests.csproj", "{EA6BFC79-E401-4A09-B011-926D00506DC3}"
EndProject
Project("{FAE04EC0-301F-11D3-BF4B-00C04F79EFBC}") = "PermissionService.Tests", "PermissionService\PermissionService.Tests\PermissionService.Tests.csproj", "{35A9CADD-1843-433C-895F-9BF359A6840B}"
EndProject
Global
	GlobalSection(SolutionConfigurationPlatforms) = preSolution
		Debug|Any CPU = Debug|Any CPU
		Release|Any CPU = Release|Any CPU
	EndGlobalSection
	GlobalSection(ProjectConfigurationPlatforms) = postSolution
		{BDFBD452-55C2-4F71-B94C-3748BD3E8F0B}.Debug|Any CPU.ActiveCfg = Debug|Any CPU
		{BDFBD452-55C2-4F71-B94C-3748BD3E8F0B}.Debug|Any CPU.Build.0 = Debug|Any CPU
		{BDFBD452-55C2-4F71-B94C-3748BD3E8F0B}.Release|Any CPU.ActiveCfg = Release|Any CPU
		{BDFBD452-55C2-4F71-B94C-3748BD3E8F0B}.Release|Any CPU.Build.0 = Release|Any CPU
		{50A6D890-80DC-43D6-8667-548F1C99C93A}.Debug|Any CPU.ActiveCfg = Debug|Any CPU
		{50A6D890-80DC-43D6-8667-548F1C99C93A}.Debug|Any CPU.Build.0 = Debug|Any CPU
		{50A6D890-80DC-43D6-8667-548F1C99C93A}.Release|Any CPU.ActiveCfg = Release|Any CPU
		{50A6D890-80DC-43D6-8667-548F1C99C93A}.Release|Any CPU.Build.0 = Release|Any CPU
		{52753638-3386-4F5A-9304-CF38F7CC05D5}.Debug|Any CPU.ActiveCfg = Debug|Any CPU
		{52753638-3386-4F5A-9304-CF38F7CC05D5}.Debug|Any CPU.Build.0 = Debug|Any CPU
		{52753638-3386-4F5A-9304-CF38F7CC05D5}.Release|Any CPU.ActiveCfg = Release|Any CPU
		{52753638-3386-4F5A-9304-CF38F7CC05D5}.Release|Any CPU.Build.0 = Release|Any CPU
		{0BA6417C-FBFB-4105-859A-2EADC70B1B00}.Debug|Any CPU.ActiveCfg = Debug|Any CPU
		{0BA6417C-FBFB-4105-859A-2EADC70B1B00}.Debug|Any CPU.Build.0 = Debug|Any CPU
		{0BA6417C-FBFB-4105-859A-2EADC70B1B00}.Release|Any CPU.ActiveCfg = Release|Any CPU
		{0BA6417C-FBFB-4105-859A-2EADC70B1B00}.Release|Any CPU.Build.0 = Release|Any CPU
		{7FDC2D1B-8794-424B-B4E4-83C52892A6A8}.Debug|Any CPU.ActiveCfg = Debug|Any CPU
		{7FDC2D1B-8794-424B-B4E4-83C52892A6A8}.Debug|Any CPU.Build.0 = Debug|Any CPU
		{7FDC2D1B-8794-424B-B4E4-83C52892A6A8}.Release|Any CPU.ActiveCfg = Release|Any CPU
		{7FDC2D1B-8794-424B-B4E4-83C52892A6A8}.Release|Any CPU.Build.0 = Release|Any CPU
		{102C3AE9-770A-491F-8D17-DC410890C6B5}.Debug|Any CPU.ActiveCfg = Debug|Any CPU
		{102C3AE9-770A-491F-8D17-DC410890C6B5}.Debug|Any CPU.Build.0 = Debug|Any CPU
		{102C3AE9-770A-491F-8D17-DC410890C6B5}.Release|Any CPU.ActiveCfg = Release|Any CPU
		{102C3AE9-770A-491F-8D17-DC410890C6B5}.Release|Any CPU.Build.0 = Release|Any CPU
		{859FD5C4-C96F-4EAC-A96B-64691C3F0AF4}.Debug|Any CPU.ActiveCfg = Debug|Any CPU
		{859FD5C4-C96F-4EAC-A96B-64691C3F0AF4}.Debug|Any CPU.Build.0 = Debug|Any CPU
		{859FD5C4-C96F-4EAC-A96B-64691C3F0AF4}.Release|Any CPU.ActiveCfg = Release|Any CPU
		{859FD5C4-C96F-4EAC-A96B-64691C3F0AF4}.Release|Any CPU.Build.0 = Release|Any CPU
		{C53328EF-95A3-401F-A06E-8A85B6D348D3}.Debug|Any CPU.ActiveCfg = Debug|Any CPU
		{C53328EF-95A3-401F-A06E-8A85B6D348D3}.Debug|Any CPU.Build.0 = Debug|Any CPU
		{C53328EF-95A3-401F-A06E-8A85B6D348D3}.Release|Any CPU.ActiveCfg = Release|Any CPU
		{C53328EF-95A3-401F-A06E-8A85B6D348D3}.Release|Any CPU.Build.0 = Release|Any CPU
		{9DAAE0F8-8089-4AE2-AF98-EB8180867ED0}.Debug|Any CPU.ActiveCfg = Debug|Any CPU
		{9DAAE0F8-8089-4AE2-AF98-EB8180867ED0}.Debug|Any CPU.Build.0 = Debug|Any CPU
		{9DAAE0F8-8089-4AE2-AF98-EB8180867ED0}.Release|Any CPU.ActiveCfg = Release|Any CPU
		{9DAAE0F8-8089-4AE2-AF98-EB8180867ED0}.Release|Any CPU.Build.0 = Release|Any CPU
		{0B679EC0-2883-42BC-8E90-470F17995305}.Debug|Any CPU.ActiveCfg = Debug|Any CPU
		{0B679EC0-2883-42BC-8E90-470F17995305}.Debug|Any CPU.Build.0 = Debug|Any CPU
		{0B679EC0-2883-42BC-8E90-470F17995305}.Release|Any CPU.ActiveCfg = Release|Any CPU
		{0B679EC0-2883-42BC-8E90-470F17995305}.Release|Any CPU.Build.0 = Release|Any CPU
		{970D9B00-9B6D-4D43-ADA0-6AC4CCCBC9FA}.Debug|Any CPU.ActiveCfg = Debug|Any CPU
		{970D9B00-9B6D-4D43-ADA0-6AC4CCCBC9FA}.Debug|Any CPU.Build.0 = Debug|Any CPU
		{970D9B00-9B6D-4D43-ADA0-6AC4CCCBC9FA}.Release|Any CPU.ActiveCfg = Release|Any CPU
		{970D9B00-9B6D-4D43-ADA0-6AC4CCCBC9FA}.Release|Any CPU.Build.0 = Release|Any CPU
		{EA6BFC79-E401-4A09-B011-926D00506DC3}.Debug|Any CPU.ActiveCfg = Debug|Any CPU
		{EA6BFC79-E401-4A09-B011-926D00506DC3}.Debug|Any CPU.Build.0 = Debug|Any CPU
		{EA6BFC79-E401-4A09-B011-926D00506DC3}.Release|Any CPU.ActiveCfg = Release|Any CPU
		{EA6BFC79-E401-4A09-B011-926D00506DC3}.Release|Any CPU.Build.0 = Release|Any CPU
		{35A9CADD-1843-433C-895F-9BF359A6840B}.Debug|Any CPU.ActiveCfg = Debug|Any CPU
		{35A9CADD-1843-433C-895F-9BF359A6840B}.Debug|Any CPU.Build.0 = Debug|Any CPU
		{35A9CADD-1843-433C-895F-9BF359A6840B}.Release|Any CPU.ActiveCfg = Release|Any CPU
		{35A9CADD-1843-433C-895F-9BF359A6840B}.Release|Any CPU.Build.0 = Release|Any CPU
	EndGlobalSection
	GlobalSection(SolutionProperties) = preSolution
		HideSolutionNode = FALSE
	EndGlobalSection
	GlobalSection(NestedProjects) = preSolution
		{BDFBD452-55C2-4F71-B94C-3748BD3E8F0B} = {02EA681E-C7D8-13C7-8484-4AC65E1B71E8}
		{50A6D890-80DC-43D6-8667-548F1C99C93A} = {02EA681E-C7D8-13C7-8484-4AC65E1B71E8}
		{52753638-3386-4F5A-9304-CF38F7CC05D5} = {02EA681E-C7D8-13C7-8484-4AC65E1B71E8}
		{0BA6417C-FBFB-4105-859A-2EADC70B1B00} = {048A40D3-33A0-4C5F-B787-458FC291A282}
		{7FDC2D1B-8794-424B-B4E4-83C52892A6A8} = {048A40D3-33A0-4C5F-B787-458FC291A282}
		{102C3AE9-770A-491F-8D17-DC410890C6B5} = {048A40D3-33A0-4C5F-B787-458FC291A282}
		{859FD5C4-C96F-4EAC-A96B-64691C3F0AF4} = {40B3D5C8-35D0-470D-9B51-FF82A367B0B3}
		{C53328EF-95A3-401F-A06E-8A85B6D348D3} = {E040FA79-31F0-44DB-864C-75F211842491}
		{9DAAE0F8-8089-4AE2-AF98-EB8180867ED0} = {E040FA79-31F0-44DB-864C-75F211842491}
		{0B679EC0-2883-42BC-8E90-470F17995305} = {E040FA79-31F0-44DB-864C-75F211842491}
		{970D9B00-9B6D-4D43-ADA0-6AC4CCCBC9FA} = {02EA681E-C7D8-13C7-8484-4AC65E1B71E8}
		{EA6BFC79-E401-4A09-B011-926D00506DC3} = {048A40D3-33A0-4C5F-B787-458FC291A282}
		{35A9CADD-1843-433C-895F-9BF359A6840B} = {E040FA79-31F0-44DB-864C-75F211842491}
	EndGlobalSection
	GlobalSection(ExtensibilityGlobals) = postSolution
		SolutionGuid = {4758188D-6BAB-48CB-8A08-60E5103673DA}
	EndGlobalSection
EndGlobal
